// !$*UTF8*$!
{
	archiveVersion = 1;
	classes = {
	};
	objectVersion = 56;
	objects = {

/* Begin PBXBuildFile section */
		B717D5652ABC6AB100FC54D0 /* todo_SwiftUIApp.swift in Sources */ = {isa = PBXBuildFile; fileRef = B717D5642ABC6AB100FC54D0 /* todo_SwiftUIApp.swift */; };
		B717D5672ABC6AB100FC54D0 /* ContentView.swift in Sources */ = {isa = PBXBuildFile; fileRef = B717D5662ABC6AB100FC54D0 /* ContentView.swift */; };
		B717D5692ABC6AB500FC54D0 /* Assets.xcassets in Resources */ = {isa = PBXBuildFile; fileRef = B717D5682ABC6AB500FC54D0 /* Assets.xcassets */; };
		B717D56C2ABC6AB500FC54D0 /* Preview Assets.xcassets in Resources */ = {isa = PBXBuildFile; fileRef = B717D56B2ABC6AB500FC54D0 /* Preview Assets.xcassets */; };
		B717D5732ABC6BB800FC54D0 /* GoogleService-Info.plist in Resources */ = {isa = PBXBuildFile; fileRef = B717D5722ABC6BB700FC54D0 /* GoogleService-Info.plist */; };
		B717D5762ABC6C1D00FC54D0 /* FirebaseAnalytics in Frameworks */ = {isa = PBXBuildFile; productRef = B717D5752ABC6C1D00FC54D0 /* FirebaseAnalytics */; };
		B717D5782ABC6C1D00FC54D0 /* FirebaseAnalyticsOnDeviceConversion in Frameworks */ = {isa = PBXBuildFile; productRef = B717D5772ABC6C1D00FC54D0 /* FirebaseAnalyticsOnDeviceConversion */; };
		B717D57A2ABC6C1D00FC54D0 /* FirebaseAnalyticsSwift in Frameworks */ = {isa = PBXBuildFile; productRef = B717D5792ABC6C1D00FC54D0 /* FirebaseAnalyticsSwift */; };
		B717D57C2ABC6C1D00FC54D0 /* FirebaseAnalyticsWithoutAdIdSupport in Frameworks */ = {isa = PBXBuildFile; productRef = B717D57B2ABC6C1D00FC54D0 /* FirebaseAnalyticsWithoutAdIdSupport */; };
		B717D57E2ABC6C1D00FC54D0 /* FirebaseAppCheck in Frameworks */ = {isa = PBXBuildFile; productRef = B717D57D2ABC6C1D00FC54D0 /* FirebaseAppCheck */; };
		B717D5802ABC6C1D00FC54D0 /* FirebaseAppDistribution-Beta in Frameworks */ = {isa = PBXBuildFile; productRef = B717D57F2ABC6C1D00FC54D0 /* FirebaseAppDistribution-Beta */; };
		B717D5822ABC6C1D00FC54D0 /* FirebaseAuth in Frameworks */ = {isa = PBXBuildFile; productRef = B717D5812ABC6C1D00FC54D0 /* FirebaseAuth */; };
		B717D5842ABC6C1D00FC54D0 /* FirebaseAuthCombine-Community in Frameworks */ = {isa = PBXBuildFile; productRef = B717D5832ABC6C1D00FC54D0 /* FirebaseAuthCombine-Community */; };
		B717D5862ABC6C1D00FC54D0 /* FirebaseCrashlytics in Frameworks */ = {isa = PBXBuildFile; productRef = B717D5852ABC6C1D00FC54D0 /* FirebaseCrashlytics */; };
		B717D5882ABC6C5700FC54D0 /* MyAppDelegate.swift in Sources */ = {isa = PBXBuildFile; fileRef = B717D5872ABC6C5700FC54D0 /* MyAppDelegate.swift */; };
		B717D58A2ABD577000FC54D0 /* TodosViewModel.swift in Sources */ = {isa = PBXBuildFile; fileRef = B717D5892ABD577000FC54D0 /* TodosViewModel.swift */; };
		B717D58C2ABD58C000FC54D0 /* FirebaseAnalytics in Frameworks */ = {isa = PBXBuildFile; productRef = B717D58B2ABD58C000FC54D0 /* FirebaseAnalytics */; };
		B717D58E2ABD58C000FC54D0 /* FirebaseAnalyticsOnDeviceConversion in Frameworks */ = {isa = PBXBuildFile; productRef = B717D58D2ABD58C000FC54D0 /* FirebaseAnalyticsOnDeviceConversion */; };
		B717D5902ABD58C000FC54D0 /* FirebaseAnalyticsSwift in Frameworks */ = {isa = PBXBuildFile; productRef = B717D58F2ABD58C000FC54D0 /* FirebaseAnalyticsSwift */; };
		B717D5922ABD58C000FC54D0 /* FirebaseAnalyticsWithoutAdIdSupport in Frameworks */ = {isa = PBXBuildFile; productRef = B717D5912ABD58C000FC54D0 /* FirebaseAnalyticsWithoutAdIdSupport */; };
		B717D5942ABD58C000FC54D0 /* FirebaseAppCheck in Frameworks */ = {isa = PBXBuildFile; productRef = B717D5932ABD58C000FC54D0 /* FirebaseAppCheck */; };
		B717D5962ABD58C000FC54D0 /* FirebaseAppDistribution-Beta in Frameworks */ = {isa = PBXBuildFile; productRef = B717D5952ABD58C000FC54D0 /* FirebaseAppDistribution-Beta */; };
		B717D5982ABD58C000FC54D0 /* FirebaseAuth in Frameworks */ = {isa = PBXBuildFile; productRef = B717D5972ABD58C000FC54D0 /* FirebaseAuth */; };
		B717D59A2ABD58C000FC54D0 /* FirebaseAuthCombine-Community in Frameworks */ = {isa = PBXBuildFile; productRef = B717D5992ABD58C000FC54D0 /* FirebaseAuthCombine-Community */; };
		B717D59C2ABD58C000FC54D0 /* FirebaseCrashlytics in Frameworks */ = {isa = PBXBuildFile; productRef = B717D59B2ABD58C000FC54D0 /* FirebaseCrashlytics */; };
		B717D59E2ABD58C000FC54D0 /* FirebaseDatabase in Frameworks */ = {isa = PBXBuildFile; productRef = B717D59D2ABD58C000FC54D0 /* FirebaseDatabase */; };
		B717D5A02ABD58C000FC54D0 /* FirebaseDatabaseSwift in Frameworks */ = {isa = PBXBuildFile; productRef = B717D59F2ABD58C000FC54D0 /* FirebaseDatabaseSwift */; };
		B717D5A22ABD58C000FC54D0 /* FirebaseDynamicLinks in Frameworks */ = {isa = PBXBuildFile; productRef = B717D5A12ABD58C000FC54D0 /* FirebaseDynamicLinks */; };
		B717D5A42ABD58C000FC54D0 /* FirebaseFirestore in Frameworks */ = {isa = PBXBuildFile; productRef = B717D5A32ABD58C000FC54D0 /* FirebaseFirestore */; };
		B717D5A62ABD58C000FC54D0 /* FirebaseFirestoreCombine-Community in Frameworks */ = {isa = PBXBuildFile; productRef = B717D5A52ABD58C000FC54D0 /* FirebaseFirestoreCombine-Community */; };
		B717D5A82ABD58C000FC54D0 /* FirebaseFirestoreSwift in Frameworks */ = {isa = PBXBuildFile; productRef = B717D5A72ABD58C000FC54D0 /* FirebaseFirestoreSwift */; };
		B717D5AA2ABD58C000FC54D0 /* FirebaseFunctions in Frameworks */ = {isa = PBXBuildFile; productRef = B717D5A92ABD58C000FC54D0 /* FirebaseFunctions */; };
		B717D5AC2ABD58ED00FC54D0 /* FirebaseAnalyticsOnDeviceConversion in Frameworks */ = {isa = PBXBuildFile; productRef = B717D5AB2ABD58ED00FC54D0 /* FirebaseAnalyticsOnDeviceConversion */; };
		B717D5AE2ABD58EE00FC54D0 /* FirebaseAnalyticsSwift in Frameworks */ = {isa = PBXBuildFile; productRef = B717D5AD2ABD58ED00FC54D0 /* FirebaseAnalyticsSwift */; };
		B717D5B02ABD58EE00FC54D0 /* FirebaseAnalyticsWithoutAdIdSupport in Frameworks */ = {isa = PBXBuildFile; productRef = B717D5AF2ABD58EE00FC54D0 /* FirebaseAnalyticsWithoutAdIdSupport */; };
		B717D5B22ABD58EE00FC54D0 /* FirebaseAppCheck in Frameworks */ = {isa = PBXBuildFile; productRef = B717D5B12ABD58EE00FC54D0 /* FirebaseAppCheck */; };
		B717D5B42ABD58EE00FC54D0 /* FirebaseAppDistribution-Beta in Frameworks */ = {isa = PBXBuildFile; productRef = B717D5B32ABD58EE00FC54D0 /* FirebaseAppDistribution-Beta */; };
		B717D5B62ABD58EE00FC54D0 /* FirebaseAuth in Frameworks */ = {isa = PBXBuildFile; productRef = B717D5B52ABD58EE00FC54D0 /* FirebaseAuth */; };
		B717D5B82ABD58EE00FC54D0 /* FirebaseAuthCombine-Community in Frameworks */ = {isa = PBXBuildFile; productRef = B717D5B72ABD58EE00FC54D0 /* FirebaseAuthCombine-Community */; };
		B717D5BA2ABD58EE00FC54D0 /* FirebaseCrashlytics in Frameworks */ = {isa = PBXBuildFile; productRef = B717D5B92ABD58EE00FC54D0 /* FirebaseCrashlytics */; };
		B717D5BC2ABD58EE00FC54D0 /* FirebaseDatabase in Frameworks */ = {isa = PBXBuildFile; productRef = B717D5BB2ABD58EE00FC54D0 /* FirebaseDatabase */; };
		B717D5BE2ABD58EE00FC54D0 /* FirebaseDatabaseSwift in Frameworks */ = {isa = PBXBuildFile; productRef = B717D5BD2ABD58EE00FC54D0 /* FirebaseDatabaseSwift */; };
		B717D5C02ABD58EE00FC54D0 /* FirebaseDynamicLinks in Frameworks */ = {isa = PBXBuildFile; productRef = B717D5BF2ABD58EE00FC54D0 /* FirebaseDynamicLinks */; };
		B717D5C22ABD58EE00FC54D0 /* FirebaseFirestore in Frameworks */ = {isa = PBXBuildFile; productRef = B717D5C12ABD58EE00FC54D0 /* FirebaseFirestore */; };
		B717D5C42ABD58EE00FC54D0 /* FirebaseFirestoreCombine-Community in Frameworks */ = {isa = PBXBuildFile; productRef = B717D5C32ABD58EE00FC54D0 /* FirebaseFirestoreCombine-Community */; };
		B717D5C62ABD58EE00FC54D0 /* FirebaseFirestoreSwift in Frameworks */ = {isa = PBXBuildFile; productRef = B717D5C52ABD58EE00FC54D0 /* FirebaseFirestoreSwift */; };
		B717D5C82ABD58EE00FC54D0 /* FirebaseFunctions in Frameworks */ = {isa = PBXBuildFile; productRef = B717D5C72ABD58EE00FC54D0 /* FirebaseFunctions */; };
		B717D5CA2ABD58EE00FC54D0 /* FirebaseFunctionsCombine-Community in Frameworks */ = {isa = PBXBuildFile; productRef = B717D5C92ABD58EE00FC54D0 /* FirebaseFunctionsCombine-Community */; };
		B717D5CC2ABD58EE00FC54D0 /* FirebaseInAppMessaging-Beta in Frameworks */ = {isa = PBXBuildFile; productRef = B717D5CB2ABD58EE00FC54D0 /* FirebaseInAppMessaging-Beta */; };
		B717D5CE2ABD58EE00FC54D0 /* FirebaseInAppMessagingSwift-Beta in Frameworks */ = {isa = PBXBuildFile; productRef = B717D5CD2ABD58EE00FC54D0 /* FirebaseInAppMessagingSwift-Beta */; };
		B717D5D02ABD58EE00FC54D0 /* FirebaseInstallations in Frameworks */ = {isa = PBXBuildFile; productRef = B717D5CF2ABD58EE00FC54D0 /* FirebaseInstallations */; };
		B717D5D22ABD58EE00FC54D0 /* FirebaseMLModelDownloader in Frameworks */ = {isa = PBXBuildFile; productRef = B717D5D12ABD58EE00FC54D0 /* FirebaseMLModelDownloader */; };
		B717D5D42ABD58EE00FC54D0 /* FirebaseMessaging in Frameworks */ = {isa = PBXBuildFile; productRef = B717D5D32ABD58EE00FC54D0 /* FirebaseMessaging */; };
		B717D5D62ABD58EE00FC54D0 /* FirebasePerformance in Frameworks */ = {isa = PBXBuildFile; productRef = B717D5D52ABD58EE00FC54D0 /* FirebasePerformance */; };
		B717D5D82ABD58EE00FC54D0 /* FirebaseRemoteConfig in Frameworks */ = {isa = PBXBuildFile; productRef = B717D5D72ABD58EE00FC54D0 /* FirebaseRemoteConfig */; };
		B717D5DA2ABD58EE00FC54D0 /* FirebaseRemoteConfigSwift in Frameworks */ = {isa = PBXBuildFile; productRef = B717D5D92ABD58EE00FC54D0 /* FirebaseRemoteConfigSwift */; };
		B717D5DC2ABD58EE00FC54D0 /* FirebaseStorage in Frameworks */ = {isa = PBXBuildFile; productRef = B717D5DB2ABD58EE00FC54D0 /* FirebaseStorage */; };
		B717D5DE2ABD58EE00FC54D0 /* FirebaseStorageCombine-Community in Frameworks */ = {isa = PBXBuildFile; productRef = B717D5DD2ABD58EE00FC54D0 /* FirebaseStorageCombine-Community */; };
		B717D5E02ABD7FA100FC54D0 /* TodoEntity.swift in Sources */ = {isa = PBXBuildFile; fileRef = B717D5DF2ABD7FA000FC54D0 /* TodoEntity.swift */; };
		B77E8B642ABDC3FD00808F9B /* TodoRowView.swift in Sources */ = {isa = PBXBuildFile; fileRef = B77E8B632ABDC3FD00808F9B /* TodoRowView.swift */; };
/* End PBXBuildFile section */

/* Begin PBXFileReference section */
		B717D5612ABC6AB100FC54D0 /* todo-SwiftUI.app */ = {isa = PBXFileReference; explicitFileType = wrapper.application; includeInIndex = 0; path = "todo-SwiftUI.app"; sourceTree = BUILT_PRODUCTS_DIR; };
		B717D5642ABC6AB100FC54D0 /* todo_SwiftUIApp.swift */ = {isa = PBXFileReference; lastKnownFileType = sourcecode.swift; path = todo_SwiftUIApp.swift; sourceTree = "<group>"; };
		B717D5662ABC6AB100FC54D0 /* ContentView.swift */ = {isa = PBXFileReference; lastKnownFileType = sourcecode.swift; path = ContentView.swift; sourceTree = "<group>"; };
		B717D5682ABC6AB500FC54D0 /* Assets.xcassets */ = {isa = PBXFileReference; lastKnownFileType = folder.assetcatalog; path = Assets.xcassets; sourceTree = "<group>"; };
		B717D56B2ABC6AB500FC54D0 /* Preview Assets.xcassets */ = {isa = PBXFileReference; lastKnownFileType = folder.assetcatalog; path = "Preview Assets.xcassets"; sourceTree = "<group>"; };
		B717D5722ABC6BB700FC54D0 /* GoogleService-Info.plist */ = {isa = PBXFileReference; fileEncoding = 4; lastKnownFileType = text.plist.xml; path = "GoogleService-Info.plist"; sourceTree = "<group>"; };
		B717D5872ABC6C5700FC54D0 /* MyAppDelegate.swift */ = {isa = PBXFileReference; lastKnownFileType = sourcecode.swift; path = MyAppDelegate.swift; sourceTree = "<group>"; };
		B717D5892ABD577000FC54D0 /* TodosViewModel.swift */ = {isa = PBXFileReference; lastKnownFileType = sourcecode.swift; path = TodosViewModel.swift; sourceTree = "<group>"; };
		B717D5DF2ABD7FA000FC54D0 /* TodoEntity.swift */ = {isa = PBXFileReference; lastKnownFileType = sourcecode.swift; path = TodoEntity.swift; sourceTree = "<group>"; };
		B77E8B632ABDC3FD00808F9B /* TodoRowView.swift */ = {isa = PBXFileReference; lastKnownFileType = sourcecode.swift; path = TodoRowView.swift; sourceTree = "<group>"; };
/* End PBXFileReference section */

/* Begin PBXFrameworksBuildPhase section */
		B717D55E2ABC6AB100FC54D0 /* Frameworks */ = {
			isa = PBXFrameworksBuildPhase;
			buildActionMask = 2147483647;
			files = (
				B717D5BE2ABD58EE00FC54D0 /* FirebaseDatabaseSwift in Frameworks */,
				B717D5A02ABD58C000FC54D0 /* FirebaseDatabaseSwift in Frameworks */,
				B717D5922ABD58C000FC54D0 /* FirebaseAnalyticsWithoutAdIdSupport in Frameworks */,
				B717D5DC2ABD58EE00FC54D0 /* FirebaseStorage in Frameworks */,
				B717D5902ABD58C000FC54D0 /* FirebaseAnalyticsSwift in Frameworks */,
				B717D5AC2ABD58ED00FC54D0 /* FirebaseAnalyticsOnDeviceConversion in Frameworks */,
				B717D5962ABD58C000FC54D0 /* FirebaseAppDistribution-Beta in Frameworks */,
				B717D59A2ABD58C000FC54D0 /* FirebaseAuthCombine-Community in Frameworks */,
				B717D5B22ABD58EE00FC54D0 /* FirebaseAppCheck in Frameworks */,
				B717D5A22ABD58C000FC54D0 /* FirebaseDynamicLinks in Frameworks */,
				B717D57A2ABC6C1D00FC54D0 /* FirebaseAnalyticsSwift in Frameworks */,
				B717D5C22ABD58EE00FC54D0 /* FirebaseFirestore in Frameworks */,
				B717D5D02ABD58EE00FC54D0 /* FirebaseInstallations in Frameworks */,
				B717D5B62ABD58EE00FC54D0 /* FirebaseAuth in Frameworks */,
				B717D5762ABC6C1D00FC54D0 /* FirebaseAnalytics in Frameworks */,
				B717D5942ABD58C000FC54D0 /* FirebaseAppCheck in Frameworks */,
				B717D5A42ABD58C000FC54D0 /* FirebaseFirestore in Frameworks */,
				B717D5B02ABD58EE00FC54D0 /* FirebaseAnalyticsWithoutAdIdSupport in Frameworks */,
				B717D58E2ABD58C000FC54D0 /* FirebaseAnalyticsOnDeviceConversion in Frameworks */,
				B717D5CA2ABD58EE00FC54D0 /* FirebaseFunctionsCombine-Community in Frameworks */,
				B717D5782ABC6C1D00FC54D0 /* FirebaseAnalyticsOnDeviceConversion in Frameworks */,
				B717D57E2ABC6C1D00FC54D0 /* FirebaseAppCheck in Frameworks */,
				B717D5C42ABD58EE00FC54D0 /* FirebaseFirestoreCombine-Community in Frameworks */,
				B717D5C62ABD58EE00FC54D0 /* FirebaseFirestoreSwift in Frameworks */,
				B717D57C2ABC6C1D00FC54D0 /* FirebaseAnalyticsWithoutAdIdSupport in Frameworks */,
				B717D5B42ABD58EE00FC54D0 /* FirebaseAppDistribution-Beta in Frameworks */,
				B717D5A62ABD58C000FC54D0 /* FirebaseFirestoreCombine-Community in Frameworks */,
				B717D5D42ABD58EE00FC54D0 /* FirebaseMessaging in Frameworks */,
				B717D5822ABC6C1D00FC54D0 /* FirebaseAuth in Frameworks */,
				B717D5862ABC6C1D00FC54D0 /* FirebaseCrashlytics in Frameworks */,
				B717D5C02ABD58EE00FC54D0 /* FirebaseDynamicLinks in Frameworks */,
				B717D5CE2ABD58EE00FC54D0 /* FirebaseInAppMessagingSwift-Beta in Frameworks */,
				B717D5DA2ABD58EE00FC54D0 /* FirebaseRemoteConfigSwift in Frameworks */,
				B717D5C82ABD58EE00FC54D0 /* FirebaseFunctions in Frameworks */,
				B717D5CC2ABD58EE00FC54D0 /* FirebaseInAppMessaging-Beta in Frameworks */,
				B717D5AE2ABD58EE00FC54D0 /* FirebaseAnalyticsSwift in Frameworks */,
				B717D5AA2ABD58C000FC54D0 /* FirebaseFunctions in Frameworks */,
				B717D5BC2ABD58EE00FC54D0 /* FirebaseDatabase in Frameworks */,
				B717D5802ABC6C1D00FC54D0 /* FirebaseAppDistribution-Beta in Frameworks */,
				B717D58C2ABD58C000FC54D0 /* FirebaseAnalytics in Frameworks */,
				B717D5DE2ABD58EE00FC54D0 /* FirebaseStorageCombine-Community in Frameworks */,
				B717D59C2ABD58C000FC54D0 /* FirebaseCrashlytics in Frameworks */,
				B717D5D82ABD58EE00FC54D0 /* FirebaseRemoteConfig in Frameworks */,
				B717D5BA2ABD58EE00FC54D0 /* FirebaseCrashlytics in Frameworks */,
				B717D59E2ABD58C000FC54D0 /* FirebaseDatabase in Frameworks */,
				B717D5842ABC6C1D00FC54D0 /* FirebaseAuthCombine-Community in Frameworks */,
				B717D5982ABD58C000FC54D0 /* FirebaseAuth in Frameworks */,
				B717D5D22ABD58EE00FC54D0 /* FirebaseMLModelDownloader in Frameworks */,
				B717D5A82ABD58C000FC54D0 /* FirebaseFirestoreSwift in Frameworks */,
				B717D5D62ABD58EE00FC54D0 /* FirebasePerformance in Frameworks */,
				B717D5B82ABD58EE00FC54D0 /* FirebaseAuthCombine-Community in Frameworks */,
			);
			runOnlyForDeploymentPostprocessing = 0;
		};
/* End PBXFrameworksBuildPhase section */

/* Begin PBXGroup section */
		B717D5582ABC6AB100FC54D0 = {
			isa = PBXGroup;
			children = (
				B717D5632ABC6AB100FC54D0 /* todo-SwiftUI */,
				B717D5622ABC6AB100FC54D0 /* Products */,
			);
			sourceTree = "<group>";
		};
		B717D5622ABC6AB100FC54D0 /* Products */ = {
			isa = PBXGroup;
			children = (
				B717D5612ABC6AB100FC54D0 /* todo-SwiftUI.app */,
			);
			name = Products;
			sourceTree = "<group>";
		};
		B717D5632ABC6AB100FC54D0 /* todo-SwiftUI */ = {
			isa = PBXGroup;
			children = (
				B717D5642ABC6AB100FC54D0 /* todo_SwiftUIApp.swift */,
				B717D5892ABD577000FC54D0 /* TodosViewModel.swift */,
				B717D5DF2ABD7FA000FC54D0 /* TodoEntity.swift */,
				B717D5662ABC6AB100FC54D0 /* ContentView.swift */,
				B717D5872ABC6C5700FC54D0 /* MyAppDelegate.swift */,
				B717D5682ABC6AB500FC54D0 /* Assets.xcassets */,
				B717D5722ABC6BB700FC54D0 /* GoogleService-Info.plist */,
				B717D56A2ABC6AB500FC54D0 /* Preview Content */,
				B77E8B632ABDC3FD00808F9B /* TodoRowView.swift */,
			);
			path = "todo-SwiftUI";
			sourceTree = "<group>";
		};
		B717D56A2ABC6AB500FC54D0 /* Preview Content */ = {
			isa = PBXGroup;
			children = (
				B717D56B2ABC6AB500FC54D0 /* Preview Assets.xcassets */,
			);
			path = "Preview Content";
			sourceTree = "<group>";
		};
/* End PBXGroup section */

/* Begin PBXNativeTarget section */
		B717D5602ABC6AB100FC54D0 /* todo-SwiftUI */ = {
			isa = PBXNativeTarget;
			buildConfigurationList = B717D56F2ABC6AB500FC54D0 /* Build configuration list for PBXNativeTarget "todo-SwiftUI" */;
			buildPhases = (
				B717D55D2ABC6AB100FC54D0 /* Sources */,
				B717D55E2ABC6AB100FC54D0 /* Frameworks */,
				B717D55F2ABC6AB100FC54D0 /* Resources */,
			);
			buildRules = (
			);
			dependencies = (
			);
			name = "todo-SwiftUI";
			packageProductDependencies = (
				B717D5752ABC6C1D00FC54D0 /* FirebaseAnalytics */,
				B717D5772ABC6C1D00FC54D0 /* FirebaseAnalyticsOnDeviceConversion */,
				B717D5792ABC6C1D00FC54D0 /* FirebaseAnalyticsSwift */,
				B717D57B2ABC6C1D00FC54D0 /* FirebaseAnalyticsWithoutAdIdSupport */,
				B717D57D2ABC6C1D00FC54D0 /* FirebaseAppCheck */,
				B717D57F2ABC6C1D00FC54D0 /* FirebaseAppDistribution-Beta */,
				B717D5812ABC6C1D00FC54D0 /* FirebaseAuth */,
				B717D5832ABC6C1D00FC54D0 /* FirebaseAuthCombine-Community */,
				B717D5852ABC6C1D00FC54D0 /* FirebaseCrashlytics */,
				B717D58B2ABD58C000FC54D0 /* FirebaseAnalytics */,
				B717D58D2ABD58C000FC54D0 /* FirebaseAnalyticsOnDeviceConversion */,
				B717D58F2ABD58C000FC54D0 /* FirebaseAnalyticsSwift */,
				B717D5912ABD58C000FC54D0 /* FirebaseAnalyticsWithoutAdIdSupport */,
				B717D5932ABD58C000FC54D0 /* FirebaseAppCheck */,
				B717D5952ABD58C000FC54D0 /* FirebaseAppDistribution-Beta */,
				B717D5972ABD58C000FC54D0 /* FirebaseAuth */,
				B717D5992ABD58C000FC54D0 /* FirebaseAuthCombine-Community */,
				B717D59B2ABD58C000FC54D0 /* FirebaseCrashlytics */,
				B717D59D2ABD58C000FC54D0 /* FirebaseDatabase */,
				B717D59F2ABD58C000FC54D0 /* FirebaseDatabaseSwift */,
				B717D5A12ABD58C000FC54D0 /* FirebaseDynamicLinks */,
				B717D5A32ABD58C000FC54D0 /* FirebaseFirestore */,
				B717D5A52ABD58C000FC54D0 /* FirebaseFirestoreCombine-Community */,
				B717D5A72ABD58C000FC54D0 /* FirebaseFirestoreSwift */,
				B717D5A92ABD58C000FC54D0 /* FirebaseFunctions */,
				B717D5AB2ABD58ED00FC54D0 /* FirebaseAnalyticsOnDeviceConversion */,
				B717D5AD2ABD58ED00FC54D0 /* FirebaseAnalyticsSwift */,
				B717D5AF2ABD58EE00FC54D0 /* FirebaseAnalyticsWithoutAdIdSupport */,
				B717D5B12ABD58EE00FC54D0 /* FirebaseAppCheck */,
				B717D5B32ABD58EE00FC54D0 /* FirebaseAppDistribution-Beta */,
				B717D5B52ABD58EE00FC54D0 /* FirebaseAuth */,
				B717D5B72ABD58EE00FC54D0 /* FirebaseAuthCombine-Community */,
				B717D5B92ABD58EE00FC54D0 /* FirebaseCrashlytics */,
				B717D5BB2ABD58EE00FC54D0 /* FirebaseDatabase */,
				B717D5BD2ABD58EE00FC54D0 /* FirebaseDatabaseSwift */,
				B717D5BF2ABD58EE00FC54D0 /* FirebaseDynamicLinks */,
				B717D5C12ABD58EE00FC54D0 /* FirebaseFirestore */,
				B717D5C32ABD58EE00FC54D0 /* FirebaseFirestoreCombine-Community */,
				B717D5C52ABD58EE00FC54D0 /* FirebaseFirestoreSwift */,
				B717D5C72ABD58EE00FC54D0 /* FirebaseFunctions */,
				B717D5C92ABD58EE00FC54D0 /* FirebaseFunctionsCombine-Community */,
				B717D5CB2ABD58EE00FC54D0 /* FirebaseInAppMessaging-Beta */,
				B717D5CD2ABD58EE00FC54D0 /* FirebaseInAppMessagingSwift-Beta */,
				B717D5CF2ABD58EE00FC54D0 /* FirebaseInstallations */,
				B717D5D12ABD58EE00FC54D0 /* FirebaseMLModelDownloader */,
				B717D5D32ABD58EE00FC54D0 /* FirebaseMessaging */,
				B717D5D52ABD58EE00FC54D0 /* FirebasePerformance */,
				B717D5D72ABD58EE00FC54D0 /* FirebaseRemoteConfig */,
				B717D5D92ABD58EE00FC54D0 /* FirebaseRemoteConfigSwift */,
				B717D5DB2ABD58EE00FC54D0 /* FirebaseStorage */,
				B717D5DD2ABD58EE00FC54D0 /* FirebaseStorageCombine-Community */,
			);
			productName = "todo-SwiftUI";
			productReference = B717D5612ABC6AB100FC54D0 /* todo-SwiftUI.app */;
			productType = "com.apple.product-type.application";
		};
/* End PBXNativeTarget section */

/* Begin PBXProject section */
		B717D5592ABC6AB100FC54D0 /* Project object */ = {
			isa = PBXProject;
			attributes = {
				BuildIndependentTargetsInParallel = 1;
				LastSwiftUpdateCheck = 1500;
				LastUpgradeCheck = 1500;
				TargetAttributes = {
					B717D5602ABC6AB100FC54D0 = {
						CreatedOnToolsVersion = 15.0;
					};
				};
			};
			buildConfigurationList = B717D55C2ABC6AB100FC54D0 /* Build configuration list for PBXProject "todo-SwiftUI" */;
			compatibilityVersion = "Xcode 14.0";
			developmentRegion = en;
			hasScannedForEncodings = 0;
			knownRegions = (
				en,
				Base,
			);
			mainGroup = B717D5582ABC6AB100FC54D0;
			packageReferences = (
				B717D5742ABC6C1D00FC54D0 /* XCRemoteSwiftPackageReference "firebase-ios-sdk" */,
			);
			productRefGroup = B717D5622ABC6AB100FC54D0 /* Products */;
			projectDirPath = "";
			projectRoot = "";
			targets = (
				B717D5602ABC6AB100FC54D0 /* todo-SwiftUI */,
			);
		};
/* End PBXProject section */

/* Begin PBXResourcesBuildPhase section */
		B717D55F2ABC6AB100FC54D0 /* Resources */ = {
			isa = PBXResourcesBuildPhase;
			buildActionMask = 2147483647;
			files = (
				B717D56C2ABC6AB500FC54D0 /* Preview Assets.xcassets in Resources */,
				B717D5732ABC6BB800FC54D0 /* GoogleService-Info.plist in Resources */,
				B717D5692ABC6AB500FC54D0 /* Assets.xcassets in Resources */,
			);
			runOnlyForDeploymentPostprocessing = 0;
		};
/* End PBXResourcesBuildPhase section */

/* Begin PBXSourcesBuildPhase section */
		B717D55D2ABC6AB100FC54D0 /* Sources */ = {
			isa = PBXSourcesBuildPhase;
			buildActionMask = 2147483647;
			files = (
				B717D5E02ABD7FA100FC54D0 /* TodoEntity.swift in Sources */,
				B77E8B642ABDC3FD00808F9B /* TodoRowView.swift in Sources */,
				B717D58A2ABD577000FC54D0 /* TodosViewModel.swift in Sources */,
				B717D5672ABC6AB100FC54D0 /* ContentView.swift in Sources */,
				B717D5882ABC6C5700FC54D0 /* MyAppDelegate.swift in Sources */,
				B717D5652ABC6AB100FC54D0 /* todo_SwiftUIApp.swift in Sources */,
			);
			runOnlyForDeploymentPostprocessing = 0;
		};
/* End PBXSourcesBuildPhase section */

/* Begin XCBuildConfiguration section */
		B717D56D2ABC6AB500FC54D0 /* Debug */ = {
			isa = XCBuildConfiguration;
			buildSettings = {
				ALWAYS_SEARCH_USER_PATHS = NO;
				ASSETCATALOG_COMPILER_GENERATE_SWIFT_ASSET_SYMBOL_EXTENSIONS = YES;
				CLANG_ANALYZER_NONNULL = YES;
				CLANG_ANALYZER_NUMBER_OBJECT_CONVERSION = YES_AGGRESSIVE;
				CLANG_CXX_LANGUAGE_STANDARD = "gnu++20";
				CLANG_ENABLE_MODULES = YES;
				CLANG_ENABLE_OBJC_ARC = YES;
				CLANG_ENABLE_OBJC_WEAK = YES;
				CLANG_WARN_BLOCK_CAPTURE_AUTORELEASING = YES;
				CLANG_WARN_BOOL_CONVERSION = YES;
				CLANG_WARN_COMMA = YES;
				CLANG_WARN_CONSTANT_CONVERSION = YES;
				CLANG_WARN_DEPRECATED_OBJC_IMPLEMENTATIONS = YES;
				CLANG_WARN_DIRECT_OBJC_ISA_USAGE = YES_ERROR;
				CLANG_WARN_DOCUMENTATION_COMMENTS = YES;
				CLANG_WARN_EMPTY_BODY = YES;
				CLANG_WARN_ENUM_CONVERSION = YES;
				CLANG_WARN_INFINITE_RECURSION = YES;
				CLANG_WARN_INT_CONVERSION = YES;
				CLANG_WARN_NON_LITERAL_NULL_CONVERSION = YES;
				CLANG_WARN_OBJC_IMPLICIT_RETAIN_SELF = YES;
				CLANG_WARN_OBJC_LITERAL_CONVERSION = YES;
				CLANG_WARN_OBJC_ROOT_CLASS = YES_ERROR;
				CLANG_WARN_QUOTED_INCLUDE_IN_FRAMEWORK_HEADER = YES;
				CLANG_WARN_RANGE_LOOP_ANALYSIS = YES;
				CLANG_WARN_STRICT_PROTOTYPES = YES;
				CLANG_WARN_SUSPICIOUS_MOVE = YES;
				CLANG_WARN_UNGUARDED_AVAILABILITY = YES_AGGRESSIVE;
				CLANG_WARN_UNREACHABLE_CODE = YES;
				CLANG_WARN__DUPLICATE_METHOD_MATCH = YES;
				COPY_PHASE_STRIP = NO;
				DEBUG_INFORMATION_FORMAT = dwarf;
				ENABLE_STRICT_OBJC_MSGSEND = YES;
				ENABLE_TESTABILITY = YES;
				ENABLE_USER_SCRIPT_SANDBOXING = YES;
				GCC_C_LANGUAGE_STANDARD = gnu17;
				GCC_DYNAMIC_NO_PIC = NO;
				GCC_NO_COMMON_BLOCKS = YES;
				GCC_OPTIMIZATION_LEVEL = 0;
				GCC_PREPROCESSOR_DEFINITIONS = (
					"DEBUG=1",
					"$(inherited)",
				);
				GCC_WARN_64_TO_32_BIT_CONVERSION = YES;
				GCC_WARN_ABOUT_RETURN_TYPE = YES_ERROR;
				GCC_WARN_UNDECLARED_SELECTOR = YES;
				GCC_WARN_UNINITIALIZED_AUTOS = YES_AGGRESSIVE;
				GCC_WARN_UNUSED_FUNCTION = YES;
				GCC_WARN_UNUSED_VARIABLE = YES;
				IPHONEOS_DEPLOYMENT_TARGET = 17.0;
				LOCALIZATION_PREFERS_STRING_CATALOGS = YES;
				MTL_ENABLE_DEBUG_INFO = INCLUDE_SOURCE;
				MTL_FAST_MATH = YES;
				ONLY_ACTIVE_ARCH = YES;
				SDKROOT = iphoneos;
				SWIFT_ACTIVE_COMPILATION_CONDITIONS = "DEBUG $(inherited)";
				SWIFT_OPTIMIZATION_LEVEL = "-Onone";
			};
			name = Debug;
		};
		B717D56E2ABC6AB500FC54D0 /* Release */ = {
			isa = XCBuildConfiguration;
			buildSettings = {
				ALWAYS_SEARCH_USER_PATHS = NO;
				ASSETCATALOG_COMPILER_GENERATE_SWIFT_ASSET_SYMBOL_EXTENSIONS = YES;
				CLANG_ANALYZER_NONNULL = YES;
				CLANG_ANALYZER_NUMBER_OBJECT_CONVERSION = YES_AGGRESSIVE;
				CLANG_CXX_LANGUAGE_STANDARD = "gnu++20";
				CLANG_ENABLE_MODULES = YES;
				CLANG_ENABLE_OBJC_ARC = YES;
				CLANG_ENABLE_OBJC_WEAK = YES;
				CLANG_WARN_BLOCK_CAPTURE_AUTORELEASING = YES;
				CLANG_WARN_BOOL_CONVERSION = YES;
				CLANG_WARN_COMMA = YES;
				CLANG_WARN_CONSTANT_CONVERSION = YES;
				CLANG_WARN_DEPRECATED_OBJC_IMPLEMENTATIONS = YES;
				CLANG_WARN_DIRECT_OBJC_ISA_USAGE = YES_ERROR;
				CLANG_WARN_DOCUMENTATION_COMMENTS = YES;
				CLANG_WARN_EMPTY_BODY = YES;
				CLANG_WARN_ENUM_CONVERSION = YES;
				CLANG_WARN_INFINITE_RECURSION = YES;
				CLANG_WARN_INT_CONVERSION = YES;
				CLANG_WARN_NON_LITERAL_NULL_CONVERSION = YES;
				CLANG_WARN_OBJC_IMPLICIT_RETAIN_SELF = YES;
				CLANG_WARN_OBJC_LITERAL_CONVERSION = YES;
				CLANG_WARN_OBJC_ROOT_CLASS = YES_ERROR;
				CLANG_WARN_QUOTED_INCLUDE_IN_FRAMEWORK_HEADER = YES;
				CLANG_WARN_RANGE_LOOP_ANALYSIS = YES;
				CLANG_WARN_STRICT_PROTOTYPES = YES;
				CLANG_WARN_SUSPICIOUS_MOVE = YES;
				CLANG_WARN_UNGUARDED_AVAILABILITY = YES_AGGRESSIVE;
				CLANG_WARN_UNREACHABLE_CODE = YES;
				CLANG_WARN__DUPLICATE_METHOD_MATCH = YES;
				COPY_PHASE_STRIP = NO;
				DEBUG_INFORMATION_FORMAT = "dwarf-with-dsym";
				ENABLE_NS_ASSERTIONS = NO;
				ENABLE_STRICT_OBJC_MSGSEND = YES;
				ENABLE_USER_SCRIPT_SANDBOXING = YES;
				GCC_C_LANGUAGE_STANDARD = gnu17;
				GCC_NO_COMMON_BLOCKS = YES;
				GCC_WARN_64_TO_32_BIT_CONVERSION = YES;
				GCC_WARN_ABOUT_RETURN_TYPE = YES_ERROR;
				GCC_WARN_UNDECLARED_SELECTOR = YES;
				GCC_WARN_UNINITIALIZED_AUTOS = YES_AGGRESSIVE;
				GCC_WARN_UNUSED_FUNCTION = YES;
				GCC_WARN_UNUSED_VARIABLE = YES;
				IPHONEOS_DEPLOYMENT_TARGET = 17.0;
				LOCALIZATION_PREFERS_STRING_CATALOGS = YES;
				MTL_ENABLE_DEBUG_INFO = NO;
				MTL_FAST_MATH = YES;
				SDKROOT = iphoneos;
				SWIFT_COMPILATION_MODE = wholemodule;
				VALIDATE_PRODUCT = YES;
			};
			name = Release;
		};
		B717D5702ABC6AB500FC54D0 /* Debug */ = {
			isa = XCBuildConfiguration;
			buildSettings = {
				ASSETCATALOG_COMPILER_APPICON_NAME = AppIcon;
				ASSETCATALOG_COMPILER_GLOBAL_ACCENT_COLOR_NAME = AccentColor;
				CODE_SIGN_STYLE = Automatic;
				CURRENT_PROJECT_VERSION = 1;
				DEVELOPMENT_ASSET_PATHS = "\"todo-SwiftUI/Preview Content\"";
				DEVELOPMENT_TEAM = PVM8V4TM62;
				ENABLE_PREVIEWS = YES;
				GENERATE_INFOPLIST_FILE = YES;
				INFOPLIST_KEY_UIApplicationSceneManifest_Generation = YES;
				INFOPLIST_KEY_UIApplicationSupportsIndirectInputEvents = YES;
				INFOPLIST_KEY_UILaunchScreen_Generation = YES;
				INFOPLIST_KEY_UISupportedInterfaceOrientations_iPad = "UIInterfaceOrientationPortrait UIInterfaceOrientationPortraitUpsideDown UIInterfaceOrientationLandscapeLeft UIInterfaceOrientationLandscapeRight";
				INFOPLIST_KEY_UISupportedInterfaceOrientations_iPhone = "UIInterfaceOrientationPortrait UIInterfaceOrientationLandscapeLeft UIInterfaceOrientationLandscapeRight";
				LD_RUNPATH_SEARCH_PATHS = (
					"$(inherited)",
					"@executable_path/Frameworks",
				);
				MARKETING_VERSION = 1.0;
				PRODUCT_BUNDLE_IDENTIFIER = "com.dhui.todo-SwiftUI";
				PRODUCT_NAME = "$(TARGET_NAME)";
				SWIFT_EMIT_LOC_STRINGS = YES;
				SWIFT_VERSION = 5.0;
				TARGETED_DEVICE_FAMILY = "1,2";
			};
			name = Debug;
		};
		B717D5712ABC6AB500FC54D0 /* Release */ = {
			isa = XCBuildConfiguration;
			buildSettings = {
				ASSETCATALOG_COMPILER_APPICON_NAME = AppIcon;
				ASSETCATALOG_COMPILER_GLOBAL_ACCENT_COLOR_NAME = AccentColor;
				CODE_SIGN_STYLE = Automatic;
				CURRENT_PROJECT_VERSION = 1;
				DEVELOPMENT_ASSET_PATHS = "\"todo-SwiftUI/Preview Content\"";
				DEVELOPMENT_TEAM = PVM8V4TM62;
				ENABLE_PREVIEWS = YES;
				GENERATE_INFOPLIST_FILE = YES;
				INFOPLIST_KEY_UIApplicationSceneManifest_Generation = YES;
				INFOPLIST_KEY_UIApplicationSupportsIndirectInputEvents = YES;
				INFOPLIST_KEY_UILaunchScreen_Generation = YES;
				INFOPLIST_KEY_UISupportedInterfaceOrientations_iPad = "UIInterfaceOrientationPortrait UIInterfaceOrientationPortraitUpsideDown UIInterfaceOrientationLandscapeLeft UIInterfaceOrientationLandscapeRight";
				INFOPLIST_KEY_UISupportedInterfaceOrientations_iPhone = "UIInterfaceOrientationPortrait UIInterfaceOrientationLandscapeLeft UIInterfaceOrientationLandscapeRight";
				LD_RUNPATH_SEARCH_PATHS = (
					"$(inherited)",
					"@executable_path/Frameworks",
				);
				MARKETING_VERSION = 1.0;
				PRODUCT_BUNDLE_IDENTIFIER = "com.dhui.todo-SwiftUI";
				PRODUCT_NAME = "$(TARGET_NAME)";
				SWIFT_EMIT_LOC_STRINGS = YES;
				SWIFT_VERSION = 5.0;
				TARGETED_DEVICE_FAMILY = "1,2";
			};
			name = Release;
		};
/* End XCBuildConfiguration section */

/* Begin XCConfigurationList section */
		B717D55C2ABC6AB100FC54D0 /* Build configuration list for PBXProject "todo-SwiftUI" */ = {
			isa = XCConfigurationList;
			buildConfigurations = (
				B717D56D2ABC6AB500FC54D0 /* Debug */,
				B717D56E2ABC6AB500FC54D0 /* Release */,
			);
			defaultConfigurationIsVisible = 0;
			defaultConfigurationName = Release;
		};
		B717D56F2ABC6AB500FC54D0 /* Build configuration list for PBXNativeTarget "todo-SwiftUI" */ = {
			isa = XCConfigurationList;
			buildConfigurations = (
				B717D5702ABC6AB500FC54D0 /* Debug */,
				B717D5712ABC6AB500FC54D0 /* Release */,
			);
			defaultConfigurationIsVisible = 0;
			defaultConfigurationName = Release;
		};
/* End XCConfigurationList section */

/* Begin XCRemoteSwiftPackageReference section */
		B717D5742ABC6C1D00FC54D0 /* XCRemoteSwiftPackageReference "firebase-ios-sdk" */ = {
			isa = XCRemoteSwiftPackageReference;
			repositoryURL = "https://github.com/firebase/firebase-ios-sdk";
			requirement = {
				kind = upToNextMajorVersion;
				minimumVersion = 10.15.0;
			};
		};
/* End XCRemoteSwiftPackageReference section */

/* Begin XCSwiftPackageProductDependency section */
		B717D5752ABC6C1D00FC54D0 /* FirebaseAnalytics */ = {
			isa = XCSwiftPackageProductDependency;
			package = B717D5742ABC6C1D00FC54D0 /* XCRemoteSwiftPackageReference "firebase-ios-sdk" */;
			productName = FirebaseAnalytics;
		};
		B717D5772ABC6C1D00FC54D0 /* FirebaseAnalyticsOnDeviceConversion */ = {
			isa = XCSwiftPackageProductDependency;
			package = B717D5742ABC6C1D00FC54D0 /* XCRemoteSwiftPackageReference "firebase-ios-sdk" */;
			productName = FirebaseAnalyticsOnDeviceConversion;
		};
		B717D5792ABC6C1D00FC54D0 /* FirebaseAnalyticsSwift */ = {
			isa = XCSwiftPackageProductDependency;
			package = B717D5742ABC6C1D00FC54D0 /* XCRemoteSwiftPackageReference "firebase-ios-sdk" */;
			productName = FirebaseAnalyticsSwift;
		};
		B717D57B2ABC6C1D00FC54D0 /* FirebaseAnalyticsWithoutAdIdSupport */ = {
			isa = XCSwiftPackageProductDependency;
			package = B717D5742ABC6C1D00FC54D0 /* XCRemoteSwiftPackageReference "firebase-ios-sdk" */;
			productName = FirebaseAnalyticsWithoutAdIdSupport;
		};
		B717D57D2ABC6C1D00FC54D0 /* FirebaseAppCheck */ = {
			isa = XCSwiftPackageProductDependency;
			package = B717D5742ABC6C1D00FC54D0 /* XCRemoteSwiftPackageReference "firebase-ios-sdk" */;
			productName = FirebaseAppCheck;
		};
		B717D57F2ABC6C1D00FC54D0 /* FirebaseAppDistribution-Beta */ = {
			isa = XCSwiftPackageProductDependency;
			package = B717D5742ABC6C1D00FC54D0 /* XCRemoteSwiftPackageReference "firebase-ios-sdk" */;
			productName = "FirebaseAppDistribution-Beta";
		};
		B717D5812ABC6C1D00FC54D0 /* FirebaseAuth */ = {
			isa = XCSwiftPackageProductDependency;
			package = B717D5742ABC6C1D00FC54D0 /* XCRemoteSwiftPackageReference "firebase-ios-sdk" */;
			productName = FirebaseAuth;
		};
		B717D5832ABC6C1D00FC54D0 /* FirebaseAuthCombine-Community */ = {
			isa = XCSwiftPackageProductDependency;
			package = B717D5742ABC6C1D00FC54D0 /* XCRemoteSwiftPackageReference "firebase-ios-sdk" */;
			productName = "FirebaseAuthCombine-Community";
		};
		B717D5852ABC6C1D00FC54D0 /* FirebaseCrashlytics */ = {
			isa = XCSwiftPackageProductDependency;
			package = B717D5742ABC6C1D00FC54D0 /* XCRemoteSwiftPackageReference "firebase-ios-sdk" */;
			productName = FirebaseCrashlytics;
		};
		B717D58B2ABD58C000FC54D0 /* FirebaseAnalytics */ = {
			isa = XCSwiftPackageProductDependency;
			package = B717D5742ABC6C1D00FC54D0 /* XCRemoteSwiftPackageReference "firebase-ios-sdk" */;
			productName = FirebaseAnalytics;
		};
		B717D58D2ABD58C000FC54D0 /* FirebaseAnalyticsOnDeviceConversion */ = {
			isa = XCSwiftPackageProductDependency;
			package = B717D5742ABC6C1D00FC54D0 /* XCRemoteSwiftPackageReference "firebase-ios-sdk" */;
			productName = FirebaseAnalyticsOnDeviceConversion;
		};
		B717D58F2ABD58C000FC54D0 /* FirebaseAnalyticsSwift */ = {
			isa = XCSwiftPackageProductDependency;
			package = B717D5742ABC6C1D00FC54D0 /* XCRemoteSwiftPackageReference "firebase-ios-sdk" */;
			productName = FirebaseAnalyticsSwift;
		};
		B717D5912ABD58C000FC54D0 /* FirebaseAnalyticsWithoutAdIdSupport */ = {
			isa = XCSwiftPackageProductDependency;
			package = B717D5742ABC6C1D00FC54D0 /* XCRemoteSwiftPackageReference "firebase-ios-sdk" */;
			productName = FirebaseAnalyticsWithoutAdIdSupport;
		};
		B717D5932ABD58C000FC54D0 /* FirebaseAppCheck */ = {
			isa = XCSwiftPackageProductDependency;
			package = B717D5742ABC6C1D00FC54D0 /* XCRemoteSwiftPackageReference "firebase-ios-sdk" */;
			productName = FirebaseAppCheck;
		};
		B717D5952ABD58C000FC54D0 /* FirebaseAppDistribution-Beta */ = {
			isa = XCSwiftPackageProductDependency;
			package = B717D5742ABC6C1D00FC54D0 /* XCRemoteSwiftPackageReference "firebase-ios-sdk" */;
			productName = "FirebaseAppDistribution-Beta";
		};
		B717D5972ABD58C000FC54D0 /* FirebaseAuth */ = {
			isa = XCSwiftPackageProductDependency;
			package = B717D5742ABC6C1D00FC54D0 /* XCRemoteSwiftPackageReference "firebase-ios-sdk" */;
			productName = FirebaseAuth;
		};
		B717D5992ABD58C000FC54D0 /* FirebaseAuthCombine-Community */ = {
			isa = XCSwiftPackageProductDependency;
			package = B717D5742ABC6C1D00FC54D0 /* XCRemoteSwiftPackageReference "firebase-ios-sdk" */;
			productName = "FirebaseAuthCombine-Community";
		};
		B717D59B2ABD58C000FC54D0 /* FirebaseCrashlytics */ = {
			isa = XCSwiftPackageProductDependency;
			package = B717D5742ABC6C1D00FC54D0 /* XCRemoteSwiftPackageReference "firebase-ios-sdk" */;
			productName = FirebaseCrashlytics;
		};
		B717D59D2ABD58C000FC54D0 /* FirebaseDatabase */ = {
			isa = XCSwiftPackageProductDependency;
			package = B717D5742ABC6C1D00FC54D0 /* XCRemoteSwiftPackageReference "firebase-ios-sdk" */;
			productName = FirebaseDatabase;
		};
		B717D59F2ABD58C000FC54D0 /* FirebaseDatabaseSwift */ = {
			isa = XCSwiftPackageProductDependency;
			package = B717D5742ABC6C1D00FC54D0 /* XCRemoteSwiftPackageReference "firebase-ios-sdk" */;
			productName = FirebaseDatabaseSwift;
		};
		B717D5A12ABD58C000FC54D0 /* FirebaseDynamicLinks */ = {
			isa = XCSwiftPackageProductDependency;
			package = B717D5742ABC6C1D00FC54D0 /* XCRemoteSwiftPackageReference "firebase-ios-sdk" */;
			productName = FirebaseDynamicLinks;
		};
		B717D5A32ABD58C000FC54D0 /* FirebaseFirestore */ = {
			isa = XCSwiftPackageProductDependency;
			package = B717D5742ABC6C1D00FC54D0 /* XCRemoteSwiftPackageReference "firebase-ios-sdk" */;
			productName = FirebaseFirestore;
		};
		B717D5A52ABD58C000FC54D0 /* FirebaseFirestoreCombine-Community */ = {
			isa = XCSwiftPackageProductDependency;
			package = B717D5742ABC6C1D00FC54D0 /* XCRemoteSwiftPackageReference "firebase-ios-sdk" */;
			productName = "FirebaseFirestoreCombine-Community";
		};
		B717D5A72ABD58C000FC54D0 /* FirebaseFirestoreSwift */ = {
			isa = XCSwiftPackageProductDependency;
			package = B717D5742ABC6C1D00FC54D0 /* XCRemoteSwiftPackageReference "firebase-ios-sdk" */;
			productName = FirebaseFirestoreSwift;
		};
		B717D5A92ABD58C000FC54D0 /* FirebaseFunctions */ = {
			isa = XCSwiftPackageProductDependency;
			package = B717D5742ABC6C1D00FC54D0 /* XCRemoteSwiftPackageReference "firebase-ios-sdk" */;
			productName = FirebaseFunctions;
		};
		B717D5AB2ABD58ED00FC54D0 /* FirebaseAnalyticsOnDeviceConversion */ = {
			isa = XCSwiftPackageProductDependency;
			package = B717D5742ABC6C1D00FC54D0 /* XCRemoteSwiftPackageReference "firebase-ios-sdk" */;
			productName = FirebaseAnalyticsOnDeviceConversion;
		};
		B717D5AD2ABD58ED00FC54D0 /* FirebaseAnalyticsSwift */ = {
			isa = XCSwiftPackageProductDependency;
			package = B717D5742ABC6C1D00FC54D0 /* XCRemoteSwiftPackageReference "firebase-ios-sdk" */;
			productName = FirebaseAnalyticsSwift;
		};
		B717D5AF2ABD58EE00FC54D0 /* FirebaseAnalyticsWithoutAdIdSupport */ = {
			isa = XCSwiftPackageProductDependency;
			package = B717D5742ABC6C1D00FC54D0 /* XCRemoteSwiftPackageReference "firebase-ios-sdk" */;
			productName = FirebaseAnalyticsWithoutAdIdSupport;
		};
		B717D5B12ABD58EE00FC54D0 /* FirebaseAppCheck */ = {
			isa = XCSwiftPackageProductDependency;
			package = B717D5742ABC6C1D00FC54D0 /* XCRemoteSwiftPackageReference "firebase-ios-sdk" */;
			productName = FirebaseAppCheck;
		};
		B717D5B32ABD58EE00FC54D0 /* FirebaseAppDistribution-Beta */ = {
			isa = XCSwiftPackageProductDependency;
			package = B717D5742ABC6C1D00FC54D0 /* XCRemoteSwiftPackageReference "firebase-ios-sdk" */;
			productName = "FirebaseAppDistribution-Beta";
		};
		B717D5B52ABD58EE00FC54D0 /* FirebaseAuth */ = {
			isa = XCSwiftPackageProductDependency;
			package = B717D5742ABC6C1D00FC54D0 /* XCRemoteSwiftPackageReference "firebase-ios-sdk" */;
			productName = FirebaseAuth;
		};
		B717D5B72ABD58EE00FC54D0 /* FirebaseAuthCombine-Community */ = {
			isa = XCSwiftPackageProductDependency;
			package = B717D5742ABC6C1D00FC54D0 /* XCRemoteSwiftPackageReference "firebase-ios-sdk" */;
			productName = "FirebaseAuthCombine-Community";
		};
		B717D5B92ABD58EE00FC54D0 /* FirebaseCrashlytics */ = {
			isa = XCSwiftPackageProductDependency;
			package = B717D5742ABC6C1D00FC54D0 /* XCRemoteSwiftPackageReference "firebase-ios-sdk" */;
			productName = FirebaseCrashlytics;
		};
		B717D5BB2ABD58EE00FC54D0 /* FirebaseDatabase */ = {
			isa = XCSwiftPackageProductDependency;
			package = B717D5742ABC6C1D00FC54D0 /* XCRemoteSwiftPackageReference "firebase-ios-sdk" */;
			productName = FirebaseDatabase;
		};
		B717D5BD2ABD58EE00FC54D0 /* FirebaseDatabaseSwift */ = {
			isa = XCSwiftPackageProductDependency;
			package = B717D5742ABC6C1D00FC54D0 /* XCRemoteSwiftPackageReference "firebase-ios-sdk" */;
			productName = FirebaseDatabaseSwift;
		};
		B717D5BF2ABD58EE00FC54D0 /* FirebaseDynamicLinks */ = {
			isa = XCSwiftPackageProductDependency;
			package = B717D5742ABC6C1D00FC54D0 /* XCRemoteSwiftPackageReference "firebase-ios-sdk" */;
			productName = FirebaseDynamicLinks;
		};
		B717D5C12ABD58EE00FC54D0 /* FirebaseFirestore */ = {
			isa = XCSwiftPackageProductDependency;
			package = B717D5742ABC6C1D00FC54D0 /* XCRemoteSwiftPackageReference "firebase-ios-sdk" */;
			productName = FirebaseFirestore;
		};
		B717D5C32ABD58EE00FC54D0 /* FirebaseFirestoreCombine-Community */ = {
			isa = XCSwiftPackageProductDependency;
			package = B717D5742ABC6C1D00FC54D0 /* XCRemoteSwiftPackageReference "firebase-ios-sdk" */;
			productName = "FirebaseFirestoreCombine-Community";
		};
		B717D5C52ABD58EE00FC54D0 /* FirebaseFirestoreSwift */ = {
			isa = XCSwiftPackageProductDependency;
			package = B717D5742ABC6C1D00FC54D0 /* XCRemoteSwiftPackageReference "firebase-ios-sdk" */;
			productName = FirebaseFirestoreSwift;
		};
		B717D5C72ABD58EE00FC54D0 /* FirebaseFunctions */ = {
			isa = XCSwiftPackageProductDependency;
			package = B717D5742ABC6C1D00FC54D0 /* XCRemoteSwiftPackageReference "firebase-ios-sdk" */;
			productName = FirebaseFunctions;
		};
		B717D5C92ABD58EE00FC54D0 /* FirebaseFunctionsCombine-Community */ = {
			isa = XCSwiftPackageProductDependency;
			package = B717D5742ABC6C1D00FC54D0 /* XCRemoteSwiftPackageReference "firebase-ios-sdk" */;
			productName = "FirebaseFunctionsCombine-Community";
		};
		B717D5CB2ABD58EE00FC54D0 /* FirebaseInAppMessaging-Beta */ = {
			isa = XCSwiftPackageProductDependency;
			package = B717D5742ABC6C1D00FC54D0 /* XCRemoteSwiftPackageReference "firebase-ios-sdk" */;
			productName = "FirebaseInAppMessaging-Beta";
		};
		B717D5CD2ABD58EE00FC54D0 /* FirebaseInAppMessagingSwift-Beta */ = {
			isa = XCSwiftPackageProductDependency;
			package = B717D5742ABC6C1D00FC54D0 /* XCRemoteSwiftPackageReference "firebase-ios-sdk" */;
			productName = "FirebaseInAppMessagingSwift-Beta";
		};
		B717D5CF2ABD58EE00FC54D0 /* FirebaseInstallations */ = {
			isa = XCSwiftPackageProductDependency;
			package = B717D5742ABC6C1D00FC54D0 /* XCRemoteSwiftPackageReference "firebase-ios-sdk" */;
			productName = FirebaseInstallations;
		};
		B717D5D12ABD58EE00FC54D0 /* FirebaseMLModelDownloader */ = {
			isa = XCSwiftPackageProductDependency;
			package = B717D5742ABC6C1D00FC54D0 /* XCRemoteSwiftPackageReference "firebase-ios-sdk" */;
			productName = FirebaseMLModelDownloader;
		};
		B717D5D32ABD58EE00FC54D0 /* FirebaseMessaging */ = {
			isa = XCSwiftPackageProductDependency;
			package = B717D5742ABC6C1D00FC54D0 /* XCRemoteSwiftPackageReference "firebase-ios-sdk" */;
			productName = FirebaseMessaging;
		};
		B717D5D52ABD58EE00FC54D0 /* FirebasePerformance */ = {
			isa = XCSwiftPackageProductDependency;
			package = B717D5742ABC6C1D00FC54D0 /* XCRemoteSwiftPackageReference "firebase-ios-sdk" */;
			productName = FirebasePerformance;
		};
		B717D5D72ABD58EE00FC54D0 /* FirebaseRemoteConfig */ = {
			isa = XCSwiftPackageProductDependency;
			package = B717D5742ABC6C1D00FC54D0 /* XCRemoteSwiftPackageReference "firebase-ios-sdk" */;
			productName = FirebaseRemoteConfig;
		};
		B717D5D92ABD58EE00FC54D0 /* FirebaseRemoteConfigSwift */ = {
			isa = XCSwiftPackageProductDependency;
			package = B717D5742ABC6C1D00FC54D0 /* XCRemoteSwiftPackageReference "firebase-ios-sdk" */;
			productName = FirebaseRemoteConfigSwift;
		};
		B717D5DB2ABD58EE00FC54D0 /* FirebaseStorage */ = {
			isa = XCSwiftPackageProductDependency;
			package = B717D5742ABC6C1D00FC54D0 /* XCRemoteSwiftPackageReference "firebase-ios-sdk" */;
			productName = FirebaseStorage;
		};
		B717D5DD2ABD58EE00FC54D0 /* FirebaseStorageCombine-Community */ = {
			isa = XCSwiftPackageProductDependency;
			package = B717D5742ABC6C1D00FC54D0 /* XCRemoteSwiftPackageReference "firebase-ios-sdk" */;
			productName = "FirebaseStorageCombine-Community";
		};
/* End XCSwiftPackageProductDependency section */
	};
	rootObject = B717D5592ABC6AB100FC54D0 /* Project object */;
}
